
Microsoft Visual Studio Solution File, Format Version 12.00
# Visual Studio Version 17
VisualStudioVersion = 17.5.002.0
MinimumVisualStudioVersion = 10.0.40219.1
Project("{9A19103F-16F7-4668-BE54-9A1E7A4F7556}") = "practica7-AlvinRHD", "practica7-AlvinRHD.csproj", "{82B145E7-6F4B-4F5C-9230-57120D8EA5E9}"
EndProject
Global
	GlobalSection(SolutionConfigurationPlatforms) = preSolution
		Debug|Any CPU = Debug|Any CPU
		Release|Any CPU = Release|Any CPU
	EndGlobalSection
	GlobalSection(ProjectConfigurationPlatforms) = postSolution
		{82B145E7-6F4B-4F5C-9230-57120D8EA5E9}.Debug|Any CPU.ActiveCfg = Debug|Any CPU
		{82B145E7-6F4B-4F5C-9230-57120D8EA5E9}.Debug|Any CPU.Build.0 = Debug|Any CPU
		{82B145E7-6F4B-4F5C-9230-57120D8EA5E9}.Release|Any CPU.ActiveCfg = Release|Any CPU
		{82B145E7-6F4B-4F5C-9230-57120D8EA5E9}.Release|Any CPU.Build.0 = Release|Any CPU
	EndGlobalSection
	GlobalSection(SolutionProperties) = preSolution
		HideSolutionNode = FALSE
	EndGlobalSection
	GlobalSection(ExtensibilityGlobals) = postSolution
		SolutionGuid = {D335B684-56CA-4A60-99BB-279F9A1E2830}
	EndGlobalSection
EndGlobal
